{
  "version": 4,
  "terraform_version": "1.13.4",
  "serial": 1922,
  "lineage": "34dbd66f-c97b-6ebb-f553-a6fbb4932e50",
  "outputs": {
    "api_gateway_id": {
      "value": "r79stwzfs8",
      "type": "string"
    },
    "api_gateway_url": {
      "value": "https://r79stwzfs8.execute-api.us-east-1.amazonaws.com/dev",
      "type": "string"
    },
    "endpoints": {
      "value": {
        "bq_associations_retrieve": "https://r79stwzfs8.execute-api.us-east-1.amazonaws.com/dev/PartyReferenceDataDirectory/{id}/Associations/{associationid}/Retrieve",
        "bq_bankrelations_retrieve": "https://r79stwzfs8.execute-api.us-east-1.amazonaws.com/dev/PartyReferenceDataDirectory/{id}/BankRelations/{bankrelationsid}/Retrieve",
        "bq_demographics_retrieve": "https://r79stwzfs8.execute-api.us-east-1.amazonaws.com/dev/PartyReferenceDataDirectory/{id}/Demographics/{demographicsid}/Retrieve",
        "bq_reference_retrieve": "https://r79stwzfs8.execute-api.us-east-1.amazonaws.com/dev/PartyReferenceDataDirectory/{id}/Reference/{referenceid}/Retrieve",
        "cr_retrieve": "https://r79stwzfs8.execute-api.us-east-1.amazonaws.com/dev/PartyReferenceDataDirectory/{id}/Retrieve"
      },
      "type": [
        "object",
        {
          "bq_associations_retrieve": "string",
          "bq_bankrelations_retrieve": "string",
          "bq_demographics_retrieve": "string",
          "bq_reference_retrieve": "string",
          "cr_retrieve": "string"
        }
      ]
    },
    "lambda_functions": {
      "value": {
        "bq_associations_retrieve": "arn:aws:lambda:us-east-1:704457823045:function:bq_associations_retrieve",
        "bq_bankrelations_retrieve": "arn:aws:lambda:us-east-1:704457823045:function:bq_bankrelations_retrieve",
        "bq_demographics_retrieve": "arn:aws:lambda:us-east-1:704457823045:function:bq_demographics_retrieve",
        "bq_reference_retrieve": "arn:aws:lambda:us-east-1:704457823045:function:bq_reference_retrieve",
        "cr_retrieve": "arn:aws:lambda:us-east-1:704457823045:function:cr_retrieve"
      },
      "type": [
        "object",
        {
          "bq_associations_retrieve": "string",
          "bq_bankrelations_retrieve": "string",
          "bq_demographics_retrieve": "string",
          "bq_reference_retrieve": "string",
          "cr_retrieve": "string"
        }
      ]
    },
    "redshift_endpoint": {
      "value": "party-data-workgroup.704457823045.us-east-1.redshift-serverless.amazonaws.com",
      "type": "string"
    },
    "redshift_password_secret": {
      "value": "arn:aws:secretsmanager:us-east-1:704457823045:secret:redshift!party-data-namespace-admin-eKn3on",
      "type": "string"
    }
  },
  "resources": [
    {
      "mode": "data",
      "type": "archive_file",
      "name": "dummy_zip",
      "provider": "provider[\"registry.terraform.io/hashicorp/archive\"]",
      "instances": [
        {
          "schema_version": 0,
          "attributes": {
            "exclude_symlink_directories": null,
            "excludes": null,
            "id": "f1829fabcf099156123e8466a7294ddaddfa9ee5",
            "output_base64sha256": "3iO6YVqyArTYuQbi3TcSEFUXsFdqopGh9h1QWGEE8kY=",
            "output_base64sha512": "zkdqVCWbkwS0G4i1QPZ2albtRnWeQO1paegEnwfY/6sl5fLpfVA/bZ0pokWxRyc+4gLvdZrJqblew1Lt5sVr7Q==",
            "output_file_mode": null,
            "output_md5": "2548bb594ee662e743709011469bfd7c",
            "output_path": "./dummy.zip",
            "output_sha": "f1829fabcf099156123e8466a7294ddaddfa9ee5",
            "output_sha256": "de23ba615ab202b4d8b906e2dd3712105517b0576aa291a1f61d50586104f246",
            "output_sha512": "ce476a54259b9304b41b88b540f6766a56ed46759e40ed6969e8049f07d8ffab25e5f2e97d503f6d9d29a245b147273ee202ef759ac9a9b95ec352ede6c56bed",
            "output_size": 211,
            "source": [
              {
                "content": "def handler(event, context): return {'statusCode': 200}",
                "filename": "lambda_function.py"
              }
            ],
            "source_content": null,
            "source_content_filename": null,
            "source_dir": null,
            "source_file": null,
            "type": "zip"
          },
          "sensitive_attributes": [],
          "identity_schema_version": 0
        }
      ]
    },
    {
      "mode": "data",
      "type": "aws_api_gateway_resource",
      "name": "root",
      "provider": "provider[\"registry.terraform.io/hashicorp/aws\"]",
      "instances": [
        {
          "schema_version": 0,
          "attributes": {
            "id": "hcshkl6287",
            "parent_id": "",
            "path": "/",
            "path_part": "",
            "rest_api_id": "r79stwzfs8"
          },
          "sensitive_attributes": [],
          "identity_schema_version": 0
        }
      ]
    },
    {
      "mode": "managed",
      "type": "aws_api_gateway_deployment",
      "name": "deploy",
      "provider": "provider[\"registry.terraform.io/hashicorp/aws\"]",
      "instances": [
        {
          "schema_version": 0,
          "attributes": {
            "canary_settings": [],
            "created_date": "2025-11-23T10:41:38Z",
            "description": "",
            "execution_arn": "arn:aws:execute-api:us-east-1:704457823045:r79stwzfs8/",
            "id": "e0br3p",
            "invoke_url": "https://r79stwzfs8.execute-api.us-east-1.amazonaws.com/",
            "rest_api_id": "r79stwzfs8",
            "stage_description": null,
            "stage_name": null,
            "triggers": null,
            "variables": null
          },
          "sensitive_attributes": [],
          "identity_schema_version": 0,
          "private": "bnVsbA==",
          "dependencies": [
            "aws_api_gateway_integration.lambda_integration",
            "aws_api_gateway_method.get",
            "aws_api_gateway_resource.endpoint",
            "aws_api_gateway_resource.final_retrieve",
            "aws_api_gateway_resource.party_directory",
            "aws_api_gateway_resource.party_id",
            "aws_api_gateway_resource.sub_id",
            "aws_api_gateway_rest_api.party_api",
            "aws_iam_role.lambda_role",
            "aws_lambda_function.lambda",
            "data.archive_file.dummy_zip",
            "data.aws_api_gateway_resource.root"
          ]
        }
      ]
    },
    {
      "mode": "managed",
      "type": "aws_api_gateway_integration",
      "name": "lambda_integration",
      "provider": "provider[\"registry.terraform.io/hashicorp/aws\"]",
      "instances": [
        {
          "index_key": "bq_associations_retrieve",
          "schema_version": 0,
          "attributes": {
            "cache_key_parameters": null,
            "cache_namespace": "l39b8r",
            "connection_id": "",
            "connection_type": "INTERNET",
            "content_handling": "",
            "credentials": "",
            "http_method": "GET",
            "id": "agi-r79stwzfs8-l39b8r-GET",
            "integration_http_method": "POST",
            "passthrough_behavior": "WHEN_NO_MATCH",
            "request_parameters": null,
            "request_templates": null,
            "resource_id": "l39b8r",
            "rest_api_id": "r79stwzfs8",
            "timeout_milliseconds": 29000,
            "tls_config": [],
            "type": "AWS_PROXY",
            "uri": "arn:aws:apigateway:us-east-1:lambda:path/2015-03-31/functions/arn:aws:lambda:us-east-1:704457823045:function:bq_associations_retrieve/invocations"
          },
          "sensitive_attributes": [],
          "identity_schema_version": 0,
          "private": "bnVsbA==",
          "dependencies": [
            "aws_api_gateway_method.get",
            "aws_api_gateway_resource.endpoint",
            "aws_api_gateway_resource.final_retrieve",
            "aws_api_gateway_resource.party_directory",
            "aws_api_gateway_resource.party_id",
            "aws_api_gateway_resource.sub_id",
            "aws_api_gateway_rest_api.party_api",
            "aws_iam_role.lambda_role",
            "aws_lambda_function.lambda",
            "data.archive_file.dummy_zip",
            "data.aws_api_gateway_resource.root"
          ]
        },
        {
          "index_key": "bq_bankrelations_retrieve",
          "schema_version": 0,
          "attributes": {
            "cache_key_parameters": null,
            "cache_namespace": "u7mgdd",
            "connection_id": "",
            "connection_type": "INTERNET",
            "content_handling": "",
            "credentials": "",
            "http_method": "GET",
            "id": "agi-r79stwzfs8-u7mgdd-GET",
            "integration_http_method": "POST",
            "passthrough_behavior": "WHEN_NO_MATCH",
            "request_parameters": null,
            "request_templates": null,
            "resource_id": "u7mgdd",
            "rest_api_id": "r79stwzfs8",
            "timeout_milliseconds": 29000,
            "tls_config": [],
            "type": "AWS_PROXY",
            "uri": "arn:aws:apigateway:us-east-1:lambda:path/2015-03-31/functions/arn:aws:lambda:us-east-1:704457823045:function:bq_bankrelations_retrieve/invocations"
          },
          "sensitive_attributes": [],
          "identity_schema_version": 0,
          "private": "bnVsbA==",
          "dependencies": [
            "aws_api_gateway_method.get",
            "aws_api_gateway_resource.endpoint",
            "aws_api_gateway_resource.final_retrieve",
            "aws_api_gateway_resource.party_directory",
            "aws_api_gateway_resource.party_id",
            "aws_api_gateway_resource.sub_id",
            "aws_api_gateway_rest_api.party_api",
            "aws_iam_role.lambda_role",
            "aws_lambda_function.lambda",
            "data.archive_file.dummy_zip",
            "data.aws_api_gateway_resource.root"
          ]
        },
        {
          "index_key": "bq_demographics_retrieve",
          "schema_version": 0,
          "attributes": {
            "cache_key_parameters": null,
            "cache_namespace": "0f10m8",
            "connection_id": "",
            "connection_type": "INTERNET",
            "content_handling": "",
            "credentials": "",
            "http_method": "GET",
            "id": "agi-r79stwzfs8-0f10m8-GET",
            "integration_http_method": "POST",
            "passthrough_behavior": "WHEN_NO_MATCH",
            "request_parameters": null,
            "request_templates": null,
            "resource_id": "0f10m8",
            "rest_api_id": "r79stwzfs8",
            "timeout_milliseconds": 29000,
            "tls_config": [],
            "type": "AWS_PROXY",
            "uri": "arn:aws:apigateway:us-east-1:lambda:path/2015-03-31/functions/arn:aws:lambda:us-east-1:704457823045:function:bq_demographics_retrieve/invocations"
          },
          "sensitive_attributes": [],
          "identity_schema_version": 0,
          "private": "bnVsbA==",
          "dependencies": [
            "aws_api_gateway_method.get",
            "aws_api_gateway_resource.endpoint",
            "aws_api_gateway_resource.final_retrieve",
            "aws_api_gateway_resource.party_directory",
            "aws_api_gateway_resource.party_id",
            "aws_api_gateway_resource.sub_id",
            "aws_api_gateway_rest_api.party_api",
            "aws_iam_role.lambda_role",
            "aws_lambda_function.lambda",
            "data.archive_file.dummy_zip",
            "data.aws_api_gateway_resource.root"
          ]
        },
        {
          "index_key": "bq_reference_retrieve",
          "schema_version": 0,
          "attributes": {
            "cache_key_parameters": null,
            "cache_namespace": "o6elev",
            "connection_id": "",
            "connection_type": "INTERNET",
            "content_handling": "",
            "credentials": "",
            "http_method": "GET",
            "id": "agi-r79stwzfs8-o6elev-GET",
            "integration_http_method": "POST",
            "passthrough_behavior": "WHEN_NO_MATCH",
            "request_parameters": null,
            "request_templates": null,
            "resource_id": "o6elev",
            "rest_api_id": "r79stwzfs8",
            "timeout_milliseconds": 29000,
            "tls_config": [],
            "type": "AWS_PROXY",
            "uri": "arn:aws:apigateway:us-east-1:lambda:path/2015-03-31/functions/arn:aws:lambda:us-east-1:704457823045:function:bq_reference_retrieve/invocations"
          },
          "sensitive_attributes": [],
          "identity_schema_version": 0,
          "private": "bnVsbA==",
          "dependencies": [
            "aws_api_gateway_method.get",
            "aws_api_gateway_resource.endpoint",
            "aws_api_gateway_resource.final_retrieve",
            "aws_api_gateway_resource.party_directory",
            "aws_api_gateway_resource.party_id",
            "aws_api_gateway_resource.sub_id",
            "aws_api_gateway_rest_api.party_api",
            "aws_iam_role.lambda_role",
            "aws_lambda_function.lambda",
            "data.archive_file.dummy_zip",
            "data.aws_api_gateway_resource.root"
          ]
        },
        {
          "index_key": "cr_retrieve",
          "schema_version": 0,
          "attributes": {
            "cache_key_parameters": null,
            "cache_namespace": "yl3enc",
            "connection_id": "",
            "connection_type": "INTERNET",
            "content_handling": "",
            "credentials": "",
            "http_method": "GET",
            "id": "agi-r79stwzfs8-yl3enc-GET",
            "integration_http_method": "POST",
            "passthrough_behavior": "WHEN_NO_MATCH",
            "request_parameters": null,
            "request_templates": null,
            "resource_id": "yl3enc",
            "rest_api_id": "r79stwzfs8",
            "timeout_milliseconds": 29000,
            "tls_config": [],
            "type": "AWS_PROXY",
            "uri": "arn:aws:apigateway:us-east-1:lambda:path/2015-03-31/functions/arn:aws:lambda:us-east-1:704457823045:function:cr_retrieve/invocations"
          },
          "sensitive_attributes": [],
          "identity_schema_version": 0,
          "private": "bnVsbA==",
          "dependencies": [
            "aws_api_gateway_method.get",
            "aws_api_gateway_resource.endpoint",
            "aws_api_gateway_resource.final_retrieve",
            "aws_api_gateway_resource.party_directory",
            "aws_api_gateway_resource.party_id",
            "aws_api_gateway_resource.sub_id",
            "aws_api_gateway_rest_api.party_api",
            "aws_iam_role.lambda_role",
            "aws_lambda_function.lambda",
            "data.archive_file.dummy_zip",
            "data.aws_api_gateway_resource.root"
          ]
        }
      ]
    },
    {
      "mode": "managed",
      "type": "aws_api_gateway_method",
      "name": "get",
      "provider": "provider[\"registry.terraform.io/hashicorp/aws\"]",
      "instances": [
        {
          "index_key": "bq_associations_retrieve",
          "schema_version": 0,
          "attributes": {
            "api_key_required": false,
            "authorization": "NONE",
            "authorization_scopes": null,
            "authorizer_id": null,
            "http_method": "GET",
            "id": "agm-r79stwzfs8-l39b8r-GET",
            "operation_name": null,
            "request_models": null,
            "request_parameters": null,
            "request_validator_id": null,
            "resource_id": "l39b8r",
            "rest_api_id": "r79stwzfs8"
          },
          "sensitive_attributes": [],
          "identity_schema_version": 0,
          "private": "bnVsbA==",
          "dependencies": [
            "aws_api_gateway_resource.endpoint",
            "aws_api_gateway_resource.final_retrieve",
            "aws_api_gateway_resource.party_directory",
            "aws_api_gateway_resource.party_id",
            "aws_api_gateway_resource.sub_id",
            "aws_api_gateway_rest_api.party_api",
            "data.aws_api_gateway_resource.root"
          ]
        },
        {
          "index_key": "bq_bankrelations_retrieve",
          "schema_version": 0,
          "attributes": {
            "api_key_required": false,
            "authorization": "NONE",
            "authorization_scopes": null,
            "authorizer_id": null,
            "http_method": "GET",
            "id": "agm-r79stwzfs8-u7mgdd-GET",
            "operation_name": null,
            "request_models": null,
            "request_parameters": null,
            "request_validator_id": null,
            "resource_id": "u7mgdd",
            "rest_api_id": "r79stwzfs8"
          },
          "sensitive_attributes": [],
          "identity_schema_version": 0,
          "private": "bnVsbA==",
          "dependencies": [
            "aws_api_gateway_resource.endpoint",
            "aws_api_gateway_resource.final_retrieve",
            "aws_api_gateway_resource.party_directory",
            "aws_api_gateway_resource.party_id",
            "aws_api_gateway_resource.sub_id",
            "aws_api_gateway_rest_api.party_api",
            "data.aws_api_gateway_resource.root"
          ]
        },
        {
          "index_key": "bq_demographics_retrieve",
          "schema_version": 0,
          "attributes": {
            "api_key_required": false,
            "authorization": "NONE",
            "authorization_scopes": null,
            "authorizer_id": null,
            "http_method": "GET",
            "id": "agm-r79stwzfs8-0f10m8-GET",
            "operation_name": null,
            "request_models": null,
            "request_parameters": null,
            "request_validator_id": null,
            "resource_id": "0f10m8",
            "rest_api_id": "r79stwzfs8"
          },
          "sensitive_attributes": [],
          "identity_schema_version": 0,
          "private": "bnVsbA==",
          "dependencies": [
            "aws_api_gateway_resource.endpoint",
            "aws_api_gateway_resource.final_retrieve",
            "aws_api_gateway_resource.party_directory",
            "aws_api_gateway_resource.party_id",
            "aws_api_gateway_resource.sub_id",
            "aws_api_gateway_rest_api.party_api",
            "data.aws_api_gateway_resource.root"
          ]
        },
        {
          "index_key": "bq_reference_retrieve",
          "schema_version": 0,
          "attributes": {
            "api_key_required": false,
            "authorization": "NONE",
            "authorization_scopes": null,
            "authorizer_id": null,
            "http_method": "GET",
            "id": "agm-r79stwzfs8-o6elev-GET",
            "operation_name": null,
            "request_models": null,
            "request_parameters": null,
            "request_validator_id": null,
            "resource_id": "o6elev",
            "rest_api_id": "r79stwzfs8"
          },
          "sensitive_attributes": [],
          "identity_schema_version": 0,
          "private": "bnVsbA==",
          "dependencies": [
            "aws_api_gateway_resource.endpoint",
            "aws_api_gateway_resource.final_retrieve",
            "aws_api_gateway_resource.party_directory",
            "aws_api_gateway_resource.party_id",
            "aws_api_gateway_resource.sub_id",
            "aws_api_gateway_rest_api.party_api",
            "data.aws_api_gateway_resource.root"
          ]
        },
        {
          "index_key": "cr_retrieve",
          "schema_version": 0,
          "attributes": {
            "api_key_required": false,
            "authorization": "NONE",
            "authorization_scopes": null,
            "authorizer_id": null,
            "http_method": "GET",
            "id": "agm-r79stwzfs8-yl3enc-GET",
            "operation_name": null,
            "request_models": null,
            "request_parameters": null,
            "request_validator_id": null,
            "resource_id": "yl3enc",
            "rest_api_id": "r79stwzfs8"
          },
          "sensitive_attributes": [],
          "identity_schema_version": 0,
          "private": "bnVsbA==",
          "dependencies": [
            "aws_api_gateway_resource.endpoint",
            "aws_api_gateway_resource.final_retrieve",
            "aws_api_gateway_resource.party_directory",
            "aws_api_gateway_resource.party_id",
            "aws_api_gateway_resource.sub_id",
            "aws_api_gateway_rest_api.party_api",
            "data.aws_api_gateway_resource.root"
          ]
        }
      ]
    },
    {
      "mode": "managed",
      "type": "aws_api_gateway_resource",
      "name": "endpoint",
      "provider": "provider[\"registry.terraform.io/hashicorp/aws\"]",
      "instances": [
        {
          "index_key": "bq_associations_retrieve",
          "schema_version": 0,
          "attributes": {
            "id": "wnnxru",
            "parent_id": "qalryw",
            "path": "/PartyReferenceDataDirectory/{id}/Associations",
            "path_part": "Associations",
            "rest_api_id": "r79stwzfs8"
          },
          "sensitive_attributes": [],
          "identity_schema_version": 0,
          "private": "bnVsbA==",
          "dependencies": [
            "aws_api_gateway_resource.party_directory",
            "aws_api_gateway_resource.party_id",
            "aws_api_gateway_rest_api.party_api",
            "data.aws_api_gateway_resource.root"
          ]
        },
        {
          "index_key": "bq_bankrelations_retrieve",
          "schema_version": 0,
          "attributes": {
            "id": "lknd2i",
            "parent_id": "qalryw",
            "path": "/PartyReferenceDataDirectory/{id}/BankRelations",
            "path_part": "BankRelations",
            "rest_api_id": "r79stwzfs8"
          },
          "sensitive_attributes": [],
          "identity_schema_version": 0,
          "private": "bnVsbA==",
          "dependencies": [
            "aws_api_gateway_resource.party_directory",
            "aws_api_gateway_resource.party_id",
            "aws_api_gateway_rest_api.party_api",
            "data.aws_api_gateway_resource.root"
          ]
        },
        {
          "index_key": "bq_demographics_retrieve",
          "schema_version": 0,
          "attributes": {
            "id": "alxn2q",
            "parent_id": "qalryw",
            "path": "/PartyReferenceDataDirectory/{id}/Demographics",
            "path_part": "Demographics",
            "rest_api_id": "r79stwzfs8"
          },
          "sensitive_attributes": [],
          "identity_schema_version": 0,
          "private": "bnVsbA==",
          "dependencies": [
            "aws_api_gateway_resource.party_directory",
            "aws_api_gateway_resource.party_id",
            "aws_api_gateway_rest_api.party_api",
            "data.aws_api_gateway_resource.root"
          ]
        },
        {
          "index_key": "bq_reference_retrieve",
          "schema_version": 0,
          "attributes": {
            "id": "x2hszb",
            "parent_id": "qalryw",
            "path": "/PartyReferenceDataDirectory/{id}/Reference",
            "path_part": "Reference",
            "rest_api_id": "r79stwzfs8"
          },
          "sensitive_attributes": [],
          "identity_schema_version": 0,
          "private": "bnVsbA==",
          "dependencies": [
            "aws_api_gateway_resource.party_directory",
            "aws_api_gateway_resource.party_id",
            "aws_api_gateway_rest_api.party_api",
            "data.aws_api_gateway_resource.root"
          ]
        },
        {
          "index_key": "cr_retrieve",
          "schema_version": 0,
          "attributes": {
            "id": "yl3enc",
            "parent_id": "qalryw",
            "path": "/PartyReferenceDataDirectory/{id}/Retrieve",
            "path_part": "Retrieve",
            "rest_api_id": "r79stwzfs8"
          },
          "sensitive_attributes": [],
          "identity_schema_version": 0,
          "private": "bnVsbA==",
          "dependencies": [
            "aws_api_gateway_resource.party_directory",
            "aws_api_gateway_resource.party_id",
            "aws_api_gateway_rest_api.party_api",
            "data.aws_api_gateway_resource.root"
          ]
        }
      ]
    },
    {
      "mode": "managed",
      "type": "aws_api_gateway_resource",
      "name": "final_retrieve",
      "provider": "provider[\"registry.terraform.io/hashicorp/aws\"]",
      "instances": [
        {
          "index_key": "bq_associations_retrieve",
          "schema_version": 0,
          "attributes": {
            "id": "l39b8r",
            "parent_id": "4qbrch",
            "path": "/PartyReferenceDataDirectory/{id}/Associations/{associationid}/Retrieve",
            "path_part": "Retrieve",
            "rest_api_id": "r79stwzfs8"
          },
          "sensitive_attributes": [],
          "identity_schema_version": 0,
          "private": "bnVsbA==",
          "dependencies": [
            "aws_api_gateway_resource.endpoint",
            "aws_api_gateway_resource.party_directory",
            "aws_api_gateway_resource.party_id",
            "aws_api_gateway_resource.sub_id",
            "aws_api_gateway_rest_api.party_api",
            "data.aws_api_gateway_resource.root"
          ]
        },
        {
          "index_key": "bq_bankrelations_retrieve",
          "schema_version": 0,
          "attributes": {
            "id": "u7mgdd",
            "parent_id": "8rak7q",
            "path": "/PartyReferenceDataDirectory/{id}/BankRelations/{bankrelationsid}/Retrieve",
            "path_part": "Retrieve",
            "rest_api_id": "r79stwzfs8"
          },
          "sensitive_attributes": [],
          "identity_schema_version": 0,
          "private": "bnVsbA==",
          "dependencies": [
            "aws_api_gateway_resource.endpoint",
            "aws_api_gateway_resource.party_directory",
            "aws_api_gateway_resource.party_id",
            "aws_api_gateway_resource.sub_id",
            "aws_api_gateway_rest_api.party_api",
            "data.aws_api_gateway_resource.root"
          ]
        },
        {
          "index_key": "bq_demographics_retrieve",
          "schema_version": 0,
          "attributes": {
            "id": "0f10m8",
            "parent_id": "byhphd",
            "path": "/PartyReferenceDataDirectory/{id}/Demographics/{demographicsid}/Retrieve",
            "path_part": "Retrieve",
            "rest_api_id": "r79stwzfs8"
          },
          "sensitive_attributes": [],
          "identity_schema_version": 0,
          "private": "bnVsbA==",
          "dependencies": [
            "aws_api_gateway_resource.endpoint",
            "aws_api_gateway_resource.party_directory",
            "aws_api_gateway_resource.party_id",
            "aws_api_gateway_resource.sub_id",
            "aws_api_gateway_rest_api.party_api",
            "data.aws_api_gateway_resource.root"
          ]
        },
        {
          "index_key": "bq_reference_retrieve",
          "schema_version": 0,
          "attributes": {
            "id": "o6elev",
            "parent_id": "tgjn2x",
            "path": "/PartyReferenceDataDirectory/{id}/Reference/{referenceid}/Retrieve",
            "path_part": "Retrieve",
            "rest_api_id": "r79stwzfs8"
          },
          "sensitive_attributes": [],
          "identity_schema_version": 0,
          "private": "bnVsbA==",
          "dependencies": [
            "aws_api_gateway_resource.endpoint",
            "aws_api_gateway_resource.party_directory",
            "aws_api_gateway_resource.party_id",
            "aws_api_gateway_resource.sub_id",
            "aws_api_gateway_rest_api.party_api",
            "data.aws_api_gateway_resource.root"
          ]
        }
      ]
    },
    {
      "mode": "managed",
      "type": "aws_api_gateway_resource",
      "name": "party_directory",
      "provider": "provider[\"registry.terraform.io/hashicorp/aws\"]",
      "instances": [
        {
          "schema_version": 0,
          "attributes": {
            "id": "3k9mg8",
            "parent_id": "hcshkl6287",
            "path": "/PartyReferenceDataDirectory",
            "path_part": "PartyReferenceDataDirectory",
            "rest_api_id": "r79stwzfs8"
          },
          "sensitive_attributes": [],
          "identity_schema_version": 0,
          "private": "bnVsbA==",
          "dependencies": [
            "aws_api_gateway_rest_api.party_api",
            "data.aws_api_gateway_resource.root"
          ]
        }
      ]
    },
    {
      "mode": "managed",
      "type": "aws_api_gateway_resource",
      "name": "party_id",
      "provider": "provider[\"registry.terraform.io/hashicorp/aws\"]",
      "instances": [
        {
          "schema_version": 0,
          "attributes": {
            "id": "qalryw",
            "parent_id": "3k9mg8",
            "path": "/PartyReferenceDataDirectory/{id}",
            "path_part": "{id}",
            "rest_api_id": "r79stwzfs8"
          },
          "sensitive_attributes": [],
          "identity_schema_version": 0,
          "private": "bnVsbA==",
          "dependencies": [
            "aws_api_gateway_resource.party_directory",
            "aws_api_gateway_rest_api.party_api",
            "data.aws_api_gateway_resource.root"
          ]
        }
      ]
    },
    {
      "mode": "managed",
      "type": "aws_api_gateway_resource",
      "name": "sub_id",
      "provider": "provider[\"registry.terraform.io/hashicorp/aws\"]",
      "instances": [
        {
          "index_key": "bq_associations_retrieve",
          "schema_version": 0,
          "attributes": {
            "id": "4qbrch",
            "parent_id": "wnnxru",
            "path": "/PartyReferenceDataDirectory/{id}/Associations/{associationid}",
            "path_part": "{associationid}",
            "rest_api_id": "r79stwzfs8"
          },
          "sensitive_attributes": [],
          "identity_schema_version": 0,
          "private": "bnVsbA==",
          "dependencies": [
            "aws_api_gateway_resource.endpoint",
            "aws_api_gateway_resource.party_directory",
            "aws_api_gateway_resource.party_id",
            "aws_api_gateway_rest_api.party_api",
            "data.aws_api_gateway_resource.root"
          ]
        },
        {
          "index_key": "bq_bankrelations_retrieve",
          "schema_version": 0,
          "attributes": {
            "id": "8rak7q",
            "parent_id": "lknd2i",
            "path": "/PartyReferenceDataDirectory/{id}/BankRelations/{bankrelationsid}",
            "path_part": "{bankrelationsid}",
            "rest_api_id": "r79stwzfs8"
          },
          "sensitive_attributes": [],
          "identity_schema_version": 0,
          "private": "bnVsbA==",
          "dependencies": [
            "aws_api_gateway_resource.endpoint",
            "aws_api_gateway_resource.party_directory",
            "aws_api_gateway_resource.party_id",
            "aws_api_gateway_rest_api.party_api",
            "data.aws_api_gateway_resource.root"
          ]
        },
        {
          "index_key": "bq_demographics_retrieve",
          "schema_version": 0,
          "attributes": {
            "id": "byhphd",
            "parent_id": "alxn2q",
            "path": "/PartyReferenceDataDirectory/{id}/Demographics/{demographicsid}",
            "path_part": "{demographicsid}",
            "rest_api_id": "r79stwzfs8"
          },
          "sensitive_attributes": [],
          "identity_schema_version": 0,
          "private": "bnVsbA==",
          "dependencies": [
            "aws_api_gateway_resource.endpoint",
            "aws_api_gateway_resource.party_directory",
            "aws_api_gateway_resource.party_id",
            "aws_api_gateway_rest_api.party_api",
            "data.aws_api_gateway_resource.root"
          ]
        },
        {
          "index_key": "bq_reference_retrieve",
          "schema_version": 0,
          "attributes": {
            "id": "tgjn2x",
            "parent_id": "x2hszb",
            "path": "/PartyReferenceDataDirectory/{id}/Reference/{referenceid}",
            "path_part": "{referenceid}",
            "rest_api_id": "r79stwzfs8"
          },
          "sensitive_attributes": [],
          "identity_schema_version": 0,
          "private": "bnVsbA==",
          "dependencies": [
            "aws_api_gateway_resource.endpoint",
            "aws_api_gateway_resource.party_directory",
            "aws_api_gateway_resource.party_id",
            "aws_api_gateway_rest_api.party_api",
            "data.aws_api_gateway_resource.root"
          ]
        }
      ]
    },
    {
      "mode": "managed",
      "type": "aws_api_gateway_rest_api",
      "name": "party_api",
      "provider": "provider[\"registry.terraform.io/hashicorp/aws\"]",
      "instances": [
        {
          "schema_version": 0,
          "attributes": {
            "api_key_source": "HEADER",
            "arn": "arn:aws:apigateway:us-east-1::/restapis/r79stwzfs8",
            "binary_media_types": [],
            "body": null,
            "created_date": "2025-11-23T10:40:58Z",
            "description": "BIAN Party Reference Directory API",
            "disable_execute_api_endpoint": false,
            "endpoint_configuration": [
              {
                "ip_address_type": "ipv4",
                "types": [
                  "EDGE"
                ],
                "vpc_endpoint_ids": []
              }
            ],
            "execution_arn": "arn:aws:execute-api:us-east-1:704457823045:r79stwzfs8",
            "fail_on_warnings": null,
            "id": "r79stwzfs8",
            "minimum_compression_size": "",
            "name": "api-bian-reference-directory",
            "parameters": null,
            "policy": "",
            "put_rest_api_mode": null,
            "root_resource_id": "hcshkl6287",
            "tags": null,
            "tags_all": {
              "environment": "dev",
              "proyecto": "api-bian"
            }
          },
          "sensitive_attributes": [],
          "identity_schema_version": 0,
          "private": "bnVsbA=="
        }
      ]
    },
    {
      "mode": "managed",
      "type": "aws_api_gateway_stage",
      "name": "stage",
      "provider": "provider[\"registry.terraform.io/hashicorp/aws\"]",
      "instances": [
        {
          "schema_version": 0,
          "attributes": {
            "access_log_settings": [],
            "arn": "arn:aws:apigateway:us-east-1::/restapis/r79stwzfs8/stages/dev",
            "cache_cluster_enabled": false,
            "cache_cluster_size": "",
            "canary_settings": [],
            "client_certificate_id": "",
            "deployment_id": "e0br3p",
            "description": "",
            "documentation_version": "",
            "execution_arn": "arn:aws:execute-api:us-east-1:704457823045:r79stwzfs8/dev",
            "id": "ags-r79stwzfs8-dev",
            "invoke_url": "https://r79stwzfs8.execute-api.us-east-1.amazonaws.com/dev",
            "rest_api_id": "r79stwzfs8",
            "stage_name": "dev",
            "tags": null,
            "tags_all": {
              "environment": "dev",
              "proyecto": "api-bian"
            },
            "variables": null,
            "web_acl_arn": "",
            "xray_tracing_enabled": false
          },
          "sensitive_attributes": [],
          "identity_schema_version": 0,
          "private": "bnVsbA==",
          "dependencies": [
            "aws_api_gateway_deployment.deploy",
            "aws_api_gateway_integration.lambda_integration",
            "aws_api_gateway_method.get",
            "aws_api_gateway_resource.endpoint",
            "aws_api_gateway_resource.final_retrieve",
            "aws_api_gateway_resource.party_directory",
            "aws_api_gateway_resource.party_id",
            "aws_api_gateway_resource.sub_id",
            "aws_api_gateway_rest_api.party_api",
            "aws_iam_role.lambda_role",
            "aws_lambda_function.lambda",
            "data.archive_file.dummy_zip",
            "data.aws_api_gateway_resource.root"
          ]
        }
      ]
    },
    {
      "mode": "managed",
      "type": "aws_iam_policy",
      "name": "redshift_glue_lakeformation_policy",
      "provider": "provider[\"registry.terraform.io/hashicorp/aws\"]",
      "instances": [
        {
          "schema_version": 0,
          "attributes": {
            "arn": "arn:aws:iam::704457823045:policy/api-bian-redshift-glue-lf-policy",
            "attachment_count": 0,
            "description": "",
            "id": "arn:aws:iam::704457823045:policy/api-bian-redshift-glue-lf-policy",
            "name": "api-bian-redshift-glue-lf-policy",
            "name_prefix": "",
            "path": "/",
            "policy": "{\"Statement\":[{\"Action\":[\"glue:*\",\"lakeformation:GetDataAccess\"],\"Effect\":\"Allow\",\"Resource\":\"*\",\"Sid\":\"RedshiftPolicyForLF\"}],\"Version\":\"2012-10-17\"}",
            "policy_id": "ANPA2IBHVKNCQVSV4AADH",
            "tags": null,
            "tags_all": {
              "environment": "dev",
              "proyecto": "api-bian"
            }
          },
          "sensitive_attributes": [],
          "identity_schema_version": 0,
          "private": "bnVsbA=="
        }
      ]
    },
    {
      "mode": "managed",
      "type": "aws_iam_role",
      "name": "lambda_role",
      "provider": "provider[\"registry.terraform.io/hashicorp/aws\"]",
      "instances": [
        {
          "schema_version": 0,
          "attributes": {
            "arn": "arn:aws:iam::704457823045:role/api-bian-lambda-role",
            "assume_role_policy": "{\"Statement\":[{\"Action\":\"sts:AssumeRole\",\"Effect\":\"Allow\",\"Principal\":{\"Service\":\"lambda.amazonaws.com\"}}],\"Version\":\"2012-10-17\"}",
            "create_date": "2025-11-23T10:40:58Z",
            "description": "",
            "force_detach_policies": false,
            "id": "api-bian-lambda-role",
            "inline_policy": [],
            "managed_policy_arns": [],
            "max_session_duration": 3600,
            "name": "api-bian-lambda-role",
            "name_prefix": "",
            "path": "/",
            "permissions_boundary": "",
            "tags": null,
            "tags_all": {
              "environment": "dev",
              "proyecto": "api-bian"
            },
            "unique_id": "AROA2IBHVKNCW5G55AUHM"
          },
          "sensitive_attributes": [],
          "identity_schema_version": 0,
          "private": "bnVsbA=="
        }
      ]
    },
    {
      "mode": "managed",
      "type": "aws_iam_role",
      "name": "redshift_spectrum_role",
      "provider": "provider[\"registry.terraform.io/hashicorp/aws\"]",
      "instances": [
        {
          "schema_version": 0,
          "attributes": {
            "arn": "arn:aws:iam::704457823045:role/api-bian-redshift-spectrum-role",
            "assume_role_policy": "{\"Statement\":[{\"Action\":\"sts:AssumeRole\",\"Effect\":\"Allow\",\"Principal\":{\"Service\":\"redshift.amazonaws.com\"}}],\"Version\":\"2012-10-17\"}",
            "create_date": "2025-11-23T10:40:58Z",
            "description": "",
            "force_detach_policies": false,
            "id": "api-bian-redshift-spectrum-role",
            "inline_policy": [],
            "managed_policy_arns": [],
            "max_session_duration": 3600,
            "name": "api-bian-redshift-spectrum-role",
            "name_prefix": "",
            "path": "/",
            "permissions_boundary": "",
            "tags": null,
            "tags_all": {
              "environment": "dev",
              "proyecto": "api-bian"
            },
            "unique_id": "AROA2IBHVKNCSDB5YYRH4"
          },
          "sensitive_attributes": [],
          "identity_schema_version": 0,
          "private": "bnVsbA=="
        }
      ]
    },
    {
      "mode": "managed",
      "type": "aws_iam_role_policy",
      "name": "lambda_redshift_policy",
      "provider": "provider[\"registry.terraform.io/hashicorp/aws\"]",
      "instances": [
        {
          "schema_version": 0,
          "attributes": {
            "id": "api-bian-lambda-role:lambda-redshift-data-api-policy",
            "name": "lambda-redshift-data-api-policy",
            "name_prefix": "",
            "policy": "{\"Version\":\"2012-10-17\",\"Statement\":[{\"Action\":[\"redshift-data:ExecuteStatement\",\"redshift-data:DescribeStatement\",\"redshift-data:GetStatementResult\",\"redshift-data:ListStatements\"],\"Effect\":\"Allow\",\"Resource\":\"*\"},{\"Action\":[\"redshift-serverless:GetCredentials\"],\"Effect\":\"Allow\",\"Resource\":\"*\"}]}",
            "role": "api-bian-lambda-role"
          },
          "sensitive_attributes": [],
          "identity_schema_version": 0,
          "private": "bnVsbA==",
          "dependencies": [
            "aws_iam_role.lambda_role"
          ]
        }
      ]
    },
    {
      "mode": "managed",
      "type": "aws_iam_role_policy_attachment",
      "name": "lambda_basic_policy",
      "provider": "provider[\"registry.terraform.io/hashicorp/aws\"]",
      "instances": [
        {
          "schema_version": 0,
          "attributes": {
            "id": "api-bian-lambda-role-20251123104058731200000003",
            "policy_arn": "arn:aws:iam::aws:policy/service-role/AWSLambdaBasicExecutionRole",
            "role": "api-bian-lambda-role"
          },
          "sensitive_attributes": [],
          "identity_schema_version": 0,
          "private": "bnVsbA==",
          "dependencies": [
            "aws_iam_role.lambda_role"
          ]
        }
      ]
    },
    {
      "mode": "managed",
      "type": "aws_iam_role_policy_attachment",
      "name": "redshift_glue_policy",
      "provider": "provider[\"registry.terraform.io/hashicorp/aws\"]",
      "instances": [
        {
          "schema_version": 0,
          "attributes": {
            "id": "api-bian-redshift-spectrum-role-20251123104058710000000001",
            "policy_arn": "arn:aws:iam::704457823045:policy/api-bian-redshift-glue-lf-policy",
            "role": "api-bian-redshift-spectrum-role"
          },
          "sensitive_attributes": [],
          "identity_schema_version": 0,
          "private": "bnVsbA==",
          "dependencies": [
            "aws_iam_policy.redshift_glue_lakeformation_policy",
            "aws_iam_role.redshift_spectrum_role"
          ]
        }
      ]
    },
    {
      "mode": "managed",
      "type": "aws_iam_role_policy_attachment",
      "name": "redshift_spectrum_policy",
      "provider": "provider[\"registry.terraform.io/hashicorp/aws\"]",
      "instances": [
        {
          "schema_version": 0,
          "attributes": {
            "id": "api-bian-redshift-spectrum-role-20251123104058715500000002",
            "policy_arn": "arn:aws:iam::aws:policy/AmazonS3ReadOnlyAccess",
            "role": "api-bian-redshift-spectrum-role"
          },
          "sensitive_attributes": [],
          "identity_schema_version": 0,
          "private": "bnVsbA==",
          "dependencies": [
            "aws_iam_role.redshift_spectrum_role"
          ]
        }
      ]
    },
    {
      "mode": "managed",
      "type": "aws_lambda_function",
      "name": "lambda",
      "provider": "provider[\"registry.terraform.io/hashicorp/aws\"]",
      "instances": [
        {
          "index_key": "bq_associations_retrieve",
          "schema_version": 0,
          "attributes": {
            "architectures": [
              "x86_64"
            ],
            "arn": "arn:aws:lambda:us-east-1:704457823045:function:bq_associations_retrieve",
            "code_sha256": "3iO6YVqyArTYuQbi3TcSEFUXsFdqopGh9h1QWGEE8kY=",
            "code_signing_config_arn": "",
            "dead_letter_config": [],
            "description": "",
            "environment": [],
            "ephemeral_storage": [
              {
                "size": 512
              }
            ],
            "file_system_config": [],
            "filename": "./dummy.zip",
            "function_name": "bq_associations_retrieve",
            "handler": "lambda_function.handler",
            "id": "bq_associations_retrieve",
            "image_config": [],
            "image_uri": "",
            "invoke_arn": "arn:aws:apigateway:us-east-1:lambda:path/2015-03-31/functions/arn:aws:lambda:us-east-1:704457823045:function:bq_associations_retrieve/invocations",
            "kms_key_arn": "",
            "last_modified": "2025-11-23T10:41:32.180+0000",
            "layers": null,
            "logging_config": [
              {
                "application_log_level": "",
                "log_format": "Text",
                "log_group": "/aws/lambda/bq_associations_retrieve",
                "system_log_level": ""
              }
            ],
            "memory_size": 128,
            "package_type": "Zip",
            "publish": false,
            "qualified_arn": "arn:aws:lambda:us-east-1:704457823045:function:bq_associations_retrieve:$LATEST",
            "qualified_invoke_arn": "arn:aws:apigateway:us-east-1:lambda:path/2015-03-31/functions/arn:aws:lambda:us-east-1:704457823045:function:bq_associations_retrieve:$LATEST/invocations",
            "replace_security_groups_on_destroy": null,
            "replacement_security_group_ids": null,
            "reserved_concurrent_executions": -1,
            "role": "arn:aws:iam::704457823045:role/api-bian-lambda-role",
            "runtime": "python3.12",
            "s3_bucket": null,
            "s3_key": null,
            "s3_object_version": null,
            "signing_job_arn": "",
            "signing_profile_version_arn": "",
            "skip_destroy": false,
            "snap_start": [],
            "source_code_hash": "",
            "source_code_size": 211,
            "tags": null,
            "tags_all": {
              "environment": "dev",
              "proyecto": "api-bian"
            },
            "timeout": 3,
            "timeouts": null,
            "tracing_config": [
              {
                "mode": "PassThrough"
              }
            ],
            "version": "$LATEST",
            "vpc_config": []
          },
          "sensitive_attributes": [],
          "identity_schema_version": 0,
          "private": "eyJlMmJmYjczMC1lY2FhLTExZTYtOGY4OC0zNDM2M2JjN2M0YzAiOnsiY3JlYXRlIjo2MDAwMDAwMDAwMDAsImRlbGV0ZSI6NjAwMDAwMDAwMDAwLCJ1cGRhdGUiOjYwMDAwMDAwMDAwMH19",
          "dependencies": [
            "aws_iam_role.lambda_role",
            "data.archive_file.dummy_zip"
          ]
        },
        {
          "index_key": "bq_bankrelations_retrieve",
          "schema_version": 0,
          "attributes": {
            "architectures": [
              "x86_64"
            ],
            "arn": "arn:aws:lambda:us-east-1:704457823045:function:bq_bankrelations_retrieve",
            "code_sha256": "3iO6YVqyArTYuQbi3TcSEFUXsFdqopGh9h1QWGEE8kY=",
            "code_signing_config_arn": "",
            "dead_letter_config": [],
            "description": "",
            "environment": [],
            "ephemeral_storage": [
              {
                "size": 512
              }
            ],
            "file_system_config": [],
            "filename": "./dummy.zip",
            "function_name": "bq_bankrelations_retrieve",
            "handler": "lambda_function.handler",
            "id": "bq_bankrelations_retrieve",
            "image_config": [],
            "image_uri": "",
            "invoke_arn": "arn:aws:apigateway:us-east-1:lambda:path/2015-03-31/functions/arn:aws:lambda:us-east-1:704457823045:function:bq_bankrelations_retrieve/invocations",
            "kms_key_arn": "",
            "last_modified": "2025-11-23T10:41:13.715+0000",
            "layers": null,
            "logging_config": [
              {
                "application_log_level": "",
                "log_format": "Text",
                "log_group": "/aws/lambda/bq_bankrelations_retrieve",
                "system_log_level": ""
              }
            ],
            "memory_size": 128,
            "package_type": "Zip",
            "publish": false,
            "qualified_arn": "arn:aws:lambda:us-east-1:704457823045:function:bq_bankrelations_retrieve:$LATEST",
            "qualified_invoke_arn": "arn:aws:apigateway:us-east-1:lambda:path/2015-03-31/functions/arn:aws:lambda:us-east-1:704457823045:function:bq_bankrelations_retrieve:$LATEST/invocations",
            "replace_security_groups_on_destroy": null,
            "replacement_security_group_ids": null,
            "reserved_concurrent_executions": -1,
            "role": "arn:aws:iam::704457823045:role/api-bian-lambda-role",
            "runtime": "python3.12",
            "s3_bucket": null,
            "s3_key": null,
            "s3_object_version": null,
            "signing_job_arn": "",
            "signing_profile_version_arn": "",
            "skip_destroy": false,
            "snap_start": [],
            "source_code_hash": "",
            "source_code_size": 211,
            "tags": null,
            "tags_all": {
              "environment": "dev",
              "proyecto": "api-bian"
            },
            "timeout": 3,
            "timeouts": null,
            "tracing_config": [
              {
                "mode": "PassThrough"
              }
            ],
            "version": "$LATEST",
            "vpc_config": []
          },
          "sensitive_attributes": [],
          "identity_schema_version": 0,
          "private": "eyJlMmJmYjczMC1lY2FhLTExZTYtOGY4OC0zNDM2M2JjN2M0YzAiOnsiY3JlYXRlIjo2MDAwMDAwMDAwMDAsImRlbGV0ZSI6NjAwMDAwMDAwMDAwLCJ1cGRhdGUiOjYwMDAwMDAwMDAwMH19",
          "dependencies": [
            "aws_iam_role.lambda_role",
            "data.archive_file.dummy_zip"
          ]
        },
        {
          "index_key": "bq_demographics_retrieve",
          "schema_version": 0,
          "attributes": {
            "architectures": [
              "x86_64"
            ],
            "arn": "arn:aws:lambda:us-east-1:704457823045:function:bq_demographics_retrieve",
            "code_sha256": "3iO6YVqyArTYuQbi3TcSEFUXsFdqopGh9h1QWGEE8kY=",
            "code_signing_config_arn": "",
            "dead_letter_config": [],
            "description": "",
            "environment": [],
            "ephemeral_storage": [
              {
                "size": 512
              }
            ],
            "file_system_config": [],
            "filename": "./dummy.zip",
            "function_name": "bq_demographics_retrieve",
            "handler": "lambda_function.handler",
            "id": "bq_demographics_retrieve",
            "image_config": [],
            "image_uri": "",
            "invoke_arn": "arn:aws:apigateway:us-east-1:lambda:path/2015-03-31/functions/arn:aws:lambda:us-east-1:704457823045:function:bq_demographics_retrieve/invocations",
            "kms_key_arn": "",
            "last_modified": "2025-11-23T10:41:07.613+0000",
            "layers": null,
            "logging_config": [
              {
                "application_log_level": "",
                "log_format": "Text",
                "log_group": "/aws/lambda/bq_demographics_retrieve",
                "system_log_level": ""
              }
            ],
            "memory_size": 128,
            "package_type": "Zip",
            "publish": false,
            "qualified_arn": "arn:aws:lambda:us-east-1:704457823045:function:bq_demographics_retrieve:$LATEST",
            "qualified_invoke_arn": "arn:aws:apigateway:us-east-1:lambda:path/2015-03-31/functions/arn:aws:lambda:us-east-1:704457823045:function:bq_demographics_retrieve:$LATEST/invocations",
            "replace_security_groups_on_destroy": null,
            "replacement_security_group_ids": null,
            "reserved_concurrent_executions": -1,
            "role": "arn:aws:iam::704457823045:role/api-bian-lambda-role",
            "runtime": "python3.12",
            "s3_bucket": null,
            "s3_key": null,
            "s3_object_version": null,
            "signing_job_arn": "",
            "signing_profile_version_arn": "",
            "skip_destroy": false,
            "snap_start": [],
            "source_code_hash": "",
            "source_code_size": 211,
            "tags": null,
            "tags_all": {
              "environment": "dev",
              "proyecto": "api-bian"
            },
            "timeout": 3,
            "timeouts": null,
            "tracing_config": [
              {
                "mode": "PassThrough"
              }
            ],
            "version": "$LATEST",
            "vpc_config": []
          },
          "sensitive_attributes": [],
          "identity_schema_version": 0,
          "private": "eyJlMmJmYjczMC1lY2FhLTExZTYtOGY4OC0zNDM2M2JjN2M0YzAiOnsiY3JlYXRlIjo2MDAwMDAwMDAwMDAsImRlbGV0ZSI6NjAwMDAwMDAwMDAwLCJ1cGRhdGUiOjYwMDAwMDAwMDAwMH19",
          "dependencies": [
            "aws_iam_role.lambda_role",
            "data.archive_file.dummy_zip"
          ]
        },
        {
          "index_key": "bq_reference_retrieve",
          "schema_version": 0,
          "attributes": {
            "architectures": [
              "x86_64"
            ],
            "arn": "arn:aws:lambda:us-east-1:704457823045:function:bq_reference_retrieve",
            "code_sha256": "3iO6YVqyArTYuQbi3TcSEFUXsFdqopGh9h1QWGEE8kY=",
            "code_signing_config_arn": "",
            "dead_letter_config": [],
            "description": "",
            "environment": [],
            "ephemeral_storage": [
              {
                "size": 512
              }
            ],
            "file_system_config": [],
            "filename": "./dummy.zip",
            "function_name": "bq_reference_retrieve",
            "handler": "lambda_function.handler",
            "id": "bq_reference_retrieve",
            "image_config": [],
            "image_uri": "",
            "invoke_arn": "arn:aws:apigateway:us-east-1:lambda:path/2015-03-31/functions/arn:aws:lambda:us-east-1:704457823045:function:bq_reference_retrieve/invocations",
            "kms_key_arn": "",
            "last_modified": "2025-11-23T10:41:26.028+0000",
            "layers": null,
            "logging_config": [
              {
                "application_log_level": "",
                "log_format": "Text",
                "log_group": "/aws/lambda/bq_reference_retrieve",
                "system_log_level": ""
              }
            ],
            "memory_size": 128,
            "package_type": "Zip",
            "publish": false,
            "qualified_arn": "arn:aws:lambda:us-east-1:704457823045:function:bq_reference_retrieve:$LATEST",
            "qualified_invoke_arn": "arn:aws:apigateway:us-east-1:lambda:path/2015-03-31/functions/arn:aws:lambda:us-east-1:704457823045:function:bq_reference_retrieve:$LATEST/invocations",
            "replace_security_groups_on_destroy": null,
            "replacement_security_group_ids": null,
            "reserved_concurrent_executions": -1,
            "role": "arn:aws:iam::704457823045:role/api-bian-lambda-role",
            "runtime": "python3.12",
            "s3_bucket": null,
            "s3_key": null,
            "s3_object_version": null,
            "signing_job_arn": "",
            "signing_profile_version_arn": "",
            "skip_destroy": false,
            "snap_start": [],
            "source_code_hash": "",
            "source_code_size": 211,
            "tags": null,
            "tags_all": {
              "environment": "dev",
              "proyecto": "api-bian"
            },
            "timeout": 3,
            "timeouts": null,
            "tracing_config": [
              {
                "mode": "PassThrough"
              }
            ],
            "version": "$LATEST",
            "vpc_config": []
          },
          "sensitive_attributes": [],
          "identity_schema_version": 0,
          "private": "eyJlMmJmYjczMC1lY2FhLTExZTYtOGY4OC0zNDM2M2JjN2M0YzAiOnsiY3JlYXRlIjo2MDAwMDAwMDAwMDAsImRlbGV0ZSI6NjAwMDAwMDAwMDAwLCJ1cGRhdGUiOjYwMDAwMDAwMDAwMH19",
          "dependencies": [
            "aws_iam_role.lambda_role",
            "data.archive_file.dummy_zip"
          ]
        },
        {
          "index_key": "cr_retrieve",
          "schema_version": 0,
          "attributes": {
            "architectures": [
              "x86_64"
            ],
            "arn": "arn:aws:lambda:us-east-1:704457823045:function:cr_retrieve",
            "code_sha256": "3iO6YVqyArTYuQbi3TcSEFUXsFdqopGh9h1QWGEE8kY=",
            "code_signing_config_arn": "",
            "dead_letter_config": [],
            "description": "",
            "environment": [],
            "ephemeral_storage": [
              {
                "size": 512
              }
            ],
            "file_system_config": [],
            "filename": "./dummy.zip",
            "function_name": "cr_retrieve",
            "handler": "lambda_function.handler",
            "id": "cr_retrieve",
            "image_config": [],
            "image_uri": "",
            "invoke_arn": "arn:aws:apigateway:us-east-1:lambda:path/2015-03-31/functions/arn:aws:lambda:us-east-1:704457823045:function:cr_retrieve/invocations",
            "kms_key_arn": "",
            "last_modified": "2025-11-23T10:41:19.865+0000",
            "layers": null,
            "logging_config": [
              {
                "application_log_level": "",
                "log_format": "Text",
                "log_group": "/aws/lambda/cr_retrieve",
                "system_log_level": ""
              }
            ],
            "memory_size": 128,
            "package_type": "Zip",
            "publish": false,
            "qualified_arn": "arn:aws:lambda:us-east-1:704457823045:function:cr_retrieve:$LATEST",
            "qualified_invoke_arn": "arn:aws:apigateway:us-east-1:lambda:path/2015-03-31/functions/arn:aws:lambda:us-east-1:704457823045:function:cr_retrieve:$LATEST/invocations",
            "replace_security_groups_on_destroy": null,
            "replacement_security_group_ids": null,
            "reserved_concurrent_executions": -1,
            "role": "arn:aws:iam::704457823045:role/api-bian-lambda-role",
            "runtime": "python3.12",
            "s3_bucket": null,
            "s3_key": null,
            "s3_object_version": null,
            "signing_job_arn": "",
            "signing_profile_version_arn": "",
            "skip_destroy": false,
            "snap_start": [],
            "source_code_hash": "",
            "source_code_size": 211,
            "tags": null,
            "tags_all": {
              "environment": "dev",
              "proyecto": "api-bian"
            },
            "timeout": 3,
            "timeouts": null,
            "tracing_config": [
              {
                "mode": "PassThrough"
              }
            ],
            "version": "$LATEST",
            "vpc_config": []
          },
          "sensitive_attributes": [],
          "identity_schema_version": 0,
          "private": "eyJlMmJmYjczMC1lY2FhLTExZTYtOGY4OC0zNDM2M2JjN2M0YzAiOnsiY3JlYXRlIjo2MDAwMDAwMDAwMDAsImRlbGV0ZSI6NjAwMDAwMDAwMDAwLCJ1cGRhdGUiOjYwMDAwMDAwMDAwMH19",
          "dependencies": [
            "aws_iam_role.lambda_role",
            "data.archive_file.dummy_zip"
          ]
        }
      ]
    },
    {
      "mode": "managed",
      "type": "aws_lambda_permission",
      "name": "apigw",
      "provider": "provider[\"registry.terraform.io/hashicorp/aws\"]",
      "instances": [
        {
          "index_key": "bq_associations_retrieve",
          "schema_version": 0,
          "attributes": {
            "action": "lambda:InvokeFunction",
            "event_source_token": null,
            "function_name": "bq_associations_retrieve",
            "function_url_auth_type": null,
            "id": "AllowAPIGatewayInvoke-bq_associations_retrieve",
            "principal": "apigateway.amazonaws.com",
            "principal_org_id": null,
            "qualifier": "",
            "source_account": null,
            "source_arn": "arn:aws:execute-api:us-east-1:704457823045:r79stwzfs8/*/*",
            "statement_id": "AllowAPIGatewayInvoke-bq_associations_retrieve",
            "statement_id_prefix": ""
          },
          "sensitive_attributes": [],
          "identity_schema_version": 0,
          "private": "bnVsbA==",
          "dependencies": [
            "aws_api_gateway_rest_api.party_api",
            "aws_iam_role.lambda_role",
            "aws_lambda_function.lambda",
            "data.archive_file.dummy_zip"
          ]
        },
        {
          "index_key": "bq_bankrelations_retrieve",
          "schema_version": 0,
          "attributes": {
            "action": "lambda:InvokeFunction",
            "event_source_token": null,
            "function_name": "bq_bankrelations_retrieve",
            "function_url_auth_type": null,
            "id": "AllowAPIGatewayInvoke-bq_bankrelations_retrieve",
            "principal": "apigateway.amazonaws.com",
            "principal_org_id": null,
            "qualifier": "",
            "source_account": null,
            "source_arn": "arn:aws:execute-api:us-east-1:704457823045:r79stwzfs8/*/*",
            "statement_id": "AllowAPIGatewayInvoke-bq_bankrelations_retrieve",
            "statement_id_prefix": ""
          },
          "sensitive_attributes": [],
          "identity_schema_version": 0,
          "private": "bnVsbA==",
          "dependencies": [
            "aws_api_gateway_rest_api.party_api",
            "aws_iam_role.lambda_role",
            "aws_lambda_function.lambda",
            "data.archive_file.dummy_zip"
          ]
        },
        {
          "index_key": "bq_demographics_retrieve",
          "schema_version": 0,
          "attributes": {
            "action": "lambda:InvokeFunction",
            "event_source_token": null,
            "function_name": "bq_demographics_retrieve",
            "function_url_auth_type": null,
            "id": "AllowAPIGatewayInvoke-bq_demographics_retrieve",
            "principal": "apigateway.amazonaws.com",
            "principal_org_id": null,
            "qualifier": "",
            "source_account": null,
            "source_arn": "arn:aws:execute-api:us-east-1:704457823045:r79stwzfs8/*/*",
            "statement_id": "AllowAPIGatewayInvoke-bq_demographics_retrieve",
            "statement_id_prefix": ""
          },
          "sensitive_attributes": [],
          "identity_schema_version": 0,
          "private": "bnVsbA==",
          "dependencies": [
            "aws_api_gateway_rest_api.party_api",
            "aws_iam_role.lambda_role",
            "aws_lambda_function.lambda",
            "data.archive_file.dummy_zip"
          ]
        },
        {
          "index_key": "bq_reference_retrieve",
          "schema_version": 0,
          "attributes": {
            "action": "lambda:InvokeFunction",
            "event_source_token": null,
            "function_name": "bq_reference_retrieve",
            "function_url_auth_type": null,
            "id": "AllowAPIGatewayInvoke-bq_reference_retrieve",
            "principal": "apigateway.amazonaws.com",
            "principal_org_id": null,
            "qualifier": "",
            "source_account": null,
            "source_arn": "arn:aws:execute-api:us-east-1:704457823045:r79stwzfs8/*/*",
            "statement_id": "AllowAPIGatewayInvoke-bq_reference_retrieve",
            "statement_id_prefix": ""
          },
          "sensitive_attributes": [],
          "identity_schema_version": 0,
          "private": "bnVsbA==",
          "dependencies": [
            "aws_api_gateway_rest_api.party_api",
            "aws_iam_role.lambda_role",
            "aws_lambda_function.lambda",
            "data.archive_file.dummy_zip"
          ]
        },
        {
          "index_key": "cr_retrieve",
          "schema_version": 0,
          "attributes": {
            "action": "lambda:InvokeFunction",
            "event_source_token": null,
            "function_name": "cr_retrieve",
            "function_url_auth_type": null,
            "id": "AllowAPIGatewayInvoke-cr_retrieve",
            "principal": "apigateway.amazonaws.com",
            "principal_org_id": null,
            "qualifier": "",
            "source_account": null,
            "source_arn": "arn:aws:execute-api:us-east-1:704457823045:r79stwzfs8/*/*",
            "statement_id": "AllowAPIGatewayInvoke-cr_retrieve",
            "statement_id_prefix": ""
          },
          "sensitive_attributes": [],
          "identity_schema_version": 0,
          "private": "bnVsbA==",
          "dependencies": [
            "aws_api_gateway_rest_api.party_api",
            "aws_iam_role.lambda_role",
            "aws_lambda_function.lambda",
            "data.archive_file.dummy_zip"
          ]
        }
      ]
    },
    {
      "mode": "managed",
      "type": "aws_redshiftdata_statement",
      "name": "grant_lambda_permissions",
      "provider": "provider[\"registry.terraform.io/hashicorp/aws\"]",
      "instances": [
        {
          "status": "tainted",
          "schema_version": 0,
          "attributes": {
            "cluster_identifier": null,
            "database": "partydb",
            "db_user": null,
            "id": "69ee89fe-1ef5-4cbe-a56d-86198924e7f5",
            "parameters": [],
            "secret_arn": null,
            "sql": "GRANT ALL ON SCHEMA s3_data TO \"IAM:arn:aws:iam::704457823045:role/api-bian-lambda-role\";",
            "statement_name": null,
            "timeouts": null,
            "with_event": null,
            "workgroup_name": "party-data-workgroup"
          },
          "sensitive_attributes": [],
          "identity_schema_version": 0,
          "private": "eyJlMmJmYjczMC1lY2FhLTExZTYtOGY4OC0zNDM2M2JjN2M0YzAiOnsiY3JlYXRlIjo2MDAwMDAwMDAwMDB9fQ==",
          "dependencies": [
            "aws_iam_role.lambda_role",
            "aws_iam_role.redshift_spectrum_role",
            "aws_redshiftdata_statement.spectrum_schema",
            "aws_redshiftserverless_namespace.party_namespace",
            "aws_redshiftserverless_workgroup.party_workgroup",
            "null_resource.wait_redshift_available"
          ]
        }
      ]
    },
    {
      "mode": "managed",
      "type": "aws_redshiftdata_statement",
      "name": "grant_template_permissions",
      "provider": "provider[\"registry.terraform.io/hashicorp/aws\"]",
      "instances": [
        {
          "status": "tainted",
          "schema_version": 0,
          "attributes": {
            "cluster_identifier": null,
            "database": "partydb",
            "db_user": null,
            "id": "bb49008e-a434-4598-92a2-332415aa0679",
            "parameters": [],
            "secret_arn": null,
            "sql": "GRANT ALL ON SCHEMA s3_data TO \"IAM:usrDeveloper",
            "statement_name": null,
            "timeouts": null,
            "with_event": null,
            "workgroup_name": "party-data-workgroup"
          },
          "sensitive_attributes": [],
          "identity_schema_version": 0,
          "private": "eyJlMmJmYjczMC1lY2FhLTExZTYtOGY4OC0zNDM2M2JjN2M0YzAiOnsiY3JlYXRlIjo2MDAwMDAwMDAwMDB9fQ==",
          "dependencies": [
            "aws_iam_role.redshift_spectrum_role",
            "aws_redshiftdata_statement.spectrum_schema",
            "aws_redshiftserverless_namespace.party_namespace",
            "aws_redshiftserverless_workgroup.party_workgroup",
            "null_resource.wait_redshift_available"
          ]
        }
      ]
    },
    {
      "mode": "managed",
      "type": "aws_redshiftdata_statement",
      "name": "party_external_table",
      "provider": "provider[\"registry.terraform.io/hashicorp/aws\"]",
      "instances": [
        {
          "status": "tainted",
          "schema_version": 0,
          "attributes": {
            "cluster_identifier": null,
            "database": "partydb",
            "db_user": null,
            "id": "5e33de4e-7ed1-40e6-83b3-5c0b9ddb2bfa",
            "parameters": [],
            "secret_arn": null,
            "sql": "CREATE EXTERNAL TABLE  s3_data.party_data_1 (\n  party_id varchar(50),\n  party_name varchar(200),\n  party_type varchar(50),\n  created_date date\n)\nSTORED AS PARQUET\nLOCATION 's3://tablas-bian/party-data/';\n",
            "statement_name": null,
            "timeouts": null,
            "with_event": null,
            "workgroup_name": "party-data-workgroup"
          },
          "sensitive_attributes": [],
          "identity_schema_version": 0,
          "private": "eyJlMmJmYjczMC1lY2FhLTExZTYtOGY4OC0zNDM2M2JjN2M0YzAiOnsiY3JlYXRlIjo2MDAwMDAwMDAwMDB9fQ==",
          "dependencies": [
            "aws_iam_role.redshift_spectrum_role",
            "aws_redshiftdata_statement.spectrum_schema",
            "aws_redshiftserverless_namespace.party_namespace",
            "aws_redshiftserverless_workgroup.party_workgroup",
            "null_resource.wait_redshift_available"
          ]
        }
      ]
    },
    {
      "mode": "managed",
      "type": "aws_redshiftdata_statement",
      "name": "spectrum_schema",
      "provider": "provider[\"registry.terraform.io/hashicorp/aws\"]",
      "instances": [
        {
          "schema_version": 0,
          "attributes": {
            "cluster_identifier": "",
            "database": "partydb",
            "db_user": "",
            "id": "371754f9-aad2-470e-8dcb-c300138b2af6",
            "parameters": [],
            "secret_arn": "",
            "sql": "CREATE EXTERNAL SCHEMA IF NOT EXISTS s3_data FROM DATA CATALOG DATABASE 'stnglbtec' IAM_ROLE '';",
            "statement_name": null,
            "timeouts": null,
            "with_event": null,
            "workgroup_name": "party-data-workgroup"
          },
          "sensitive_attributes": [],
          "identity_schema_version": 0,
          "private": "eyJlMmJmYjczMC1lY2FhLTExZTYtOGY4OC0zNDM2M2JjN2M0YzAiOnsiY3JlYXRlIjo2MDAwMDAwMDAwMDB9fQ==",
          "dependencies": [
            "aws_iam_role.redshift_spectrum_role",
            "aws_redshiftserverless_namespace.party_namespace",
            "aws_redshiftserverless_workgroup.party_workgroup",
            "null_resource.wait_redshift_available"
          ]
        }
      ]
    },
    {
      "mode": "managed",
      "type": "aws_redshiftserverless_namespace",
      "name": "party_namespace",
      "provider": "provider[\"registry.terraform.io/hashicorp/aws\"]",
      "instances": [
        {
          "schema_version": 0,
          "attributes": {
            "admin_password_secret_arn": "arn:aws:secretsmanager:us-east-1:704457823045:secret:redshift!party-data-namespace-admin-eKn3on",
            "admin_password_secret_kms_key_id": "",
            "admin_user_password": null,
            "admin_user_password_wo": null,
            "admin_user_password_wo_version": null,
            "admin_username": "admin",
            "arn": "arn:aws:redshift-serverless:us-east-1:704457823045:namespace/f9cbc316-1db7-44be-a3e5-4cbcb55c4909",
            "db_name": "partydb",
            "default_iam_role_arn": "",
            "iam_roles": [
              "arn:aws:iam::704457823045:role/api-bian-redshift-spectrum-role"
            ],
            "id": "party-data-namespace",
            "kms_key_id": "AWS_OWNED_KMS_KEY",
            "log_exports": null,
            "manage_admin_password": true,
            "namespace_id": "f9cbc316-1db7-44be-a3e5-4cbcb55c4909",
            "namespace_name": "party-data-namespace",
            "tags": null,
            "tags_all": {
              "environment": "dev",
              "proyecto": "api-bian"
            }
          },
          "sensitive_attributes": [
            [
              {
                "type": "get_attr",
                "value": "admin_user_password"
              }
            ],
            [
              {
                "type": "get_attr",
                "value": "admin_username"
              }
            ]
          ],
          "identity_schema_version": 0,
          "private": "bnVsbA==",
          "dependencies": [
            "aws_iam_role.redshift_spectrum_role"
          ]
        }
      ]
    },
    {
      "mode": "managed",
      "type": "aws_redshiftserverless_workgroup",
      "name": "party_workgroup",
      "provider": "provider[\"registry.terraform.io/hashicorp/aws\"]",
      "instances": [
        {
          "schema_version": 0,
          "attributes": {
            "arn": "arn:aws:redshift-serverless:us-east-1:704457823045:workgroup/966ffd6a-f5be-4c25-a8e7-a185cf828fe1",
            "base_capacity": 128,
            "config_parameter": [
              {
                "parameter_key": "enable_user_activity_logging",
                "parameter_value": "true"
              }
            ],
            "endpoint": [
              {
                "address": "party-data-workgroup.704457823045.us-east-1.redshift-serverless.amazonaws.com",
                "port": 5439,
                "vpc_endpoint": [
                  {
                    "network_interface": [
                      {
                        "availability_zone": "us-east-1b",
                        "network_interface_id": "eni-027b6a2c1725b62c6",
                        "private_ip_address": "172.31.26.131",
                        "subnet_id": "subnet-cd5fbf96"
                      },
                      {
                        "availability_zone": "us-east-1a",
                        "network_interface_id": "eni-02d8dd338ac52a525",
                        "private_ip_address": "172.31.1.232",
                        "subnet_id": "subnet-83964bca"
                      },
                      {
                        "availability_zone": "us-east-1c",
                        "network_interface_id": "eni-09801e972f542c40a",
                        "private_ip_address": "172.31.72.52",
                        "subnet_id": "subnet-a2760ec7"
                      }
                    ],
                    "vpc_endpoint_id": "vpce-044b509d3730e93ea",
                    "vpc_id": "vpc-8d7322ea"
                  }
                ]
              }
            ],
            "enhanced_vpc_routing": false,
            "id": "party-data-workgroup",
            "max_capacity": 0,
            "namespace_name": "party-data-namespace",
            "port": 5439,
            "price_performance_target": [
              {
                "enabled": false,
                "level": 0
              }
            ],
            "publicly_accessible": false,
            "security_group_ids": [
              "sg-4b25b531"
            ],
            "subnet_ids": [
              "subnet-5b07e576",
              "subnet-83964bca",
              "subnet-a2760ec7",
              "subnet-cb5937c7",
              "subnet-cd5fbf96",
              "subnet-d305e5ef"
            ],
            "tags": null,
            "tags_all": {
              "environment": "dev",
              "proyecto": "api-bian"
            },
            "timeouts": null,
            "track_name": "current",
            "workgroup_id": "966ffd6a-f5be-4c25-a8e7-a185cf828fe1",
            "workgroup_name": "party-data-workgroup"
          },
          "sensitive_attributes": [],
          "identity_schema_version": 0,
          "private": "eyJlMmJmYjczMC1lY2FhLTExZTYtOGY4OC0zNDM2M2JjN2M0YzAiOnsiY3JlYXRlIjoxMjAwMDAwMDAwMDAwLCJkZWxldGUiOjEyMDAwMDAwMDAwMDAsInVwZGF0ZSI6MTIwMDAwMDAwMDAwMH19",
          "dependencies": [
            "aws_iam_role.redshift_spectrum_role",
            "aws_redshiftserverless_namespace.party_namespace"
          ]
        }
      ]
    },
    {
      "mode": "managed",
      "type": "null_resource",
      "name": "wait_redshift_available",
      "provider": "provider[\"registry.terraform.io/hashicorp/null\"]",
      "instances": [
        {
          "schema_version": 0,
          "attributes": {
            "id": "8940841493125126190",
            "triggers": null
          },
          "sensitive_attributes": [],
          "identity_schema_version": 0,
          "dependencies": [
            "aws_iam_role.redshift_spectrum_role",
            "aws_redshiftserverless_namespace.party_namespace",
            "aws_redshiftserverless_workgroup.party_workgroup"
          ]
        }
      ]
    }
  ],
  "check_results": null
}
